
Microsoft Visual Studio Solution File, Format Version 12.00
# Visual Studio 15
VisualStudioVersion = 15.0.26730.16
MinimumVisualStudioVersion = 10.0.40219.1
Project("{9A19103F-16F7-4668-BE54-9A1E7A4F7556}") = "RDB.Admin", "RDB.Admin\RDB.Admin.csproj", "{5945425A-4916-406E-81AC-C81A8420A45B}"
EndProject
Project("{9A19103F-16F7-4668-BE54-9A1E7A4F7556}") = "RDB.Api", "RDB.Api\RDB.Api.csproj", "{31009366-3EB6-4DAE-830F-E1F685F3F3AD}"
EndProject
Project("{E53339B2-1760-4266-BCC7-CA923CBCF16C}") = "docker-compose", "docker-compose.dcproj", "{9ABD7C38-281D-45B6-A51F-0628D91CDB78}"
EndProject
Project("{2150E333-8FDC-42A3-9474-1A3956D46DE8}") = "Solution Items", "Solution Items", "{963F63DB-44AB-4976-9F99-F8CDA39BED72}"
	ProjectSection(SolutionItems) = preProject
		.editorconfig = .editorconfig
		.gitattributes = .gitattributes
		.gitignore = .gitignore
		README.md = README.md
	EndProjectSection
EndProject
Project("{9A19103F-16F7-4668-BE54-9A1E7A4F7556}") = "RDB.Api.CSharpClient", "RDB.Api.CSharpClient\RDB.Api.CSharpClient.csproj", "{D5247735-CD37-4CAC-88CE-5CB644088B1E}"
EndProject
Project("{FAE04EC0-301F-11D3-BF4B-00C04F79EFBC}") = "RDB.Api.Tests", "RDB.Api.Tests\RDB.Api.Tests.csproj", "{DAAFABB1-025C-4CFF-8547-33FC3BDEA802}"
EndProject
Project("{FAE04EC0-301F-11D3-BF4B-00C04F79EFBC}") = "RDB.Api.JsClient", "RDB.Api.JsClient\RDB.Api.JsClient.csproj", "{DC855AA6-4A12-44AC-B81C-29010B8FE7E5}"
EndProject
Global
	GlobalSection(SolutionConfigurationPlatforms) = preSolution
		Debug|Any CPU = Debug|Any CPU
		Release|Any CPU = Release|Any CPU
	EndGlobalSection
	GlobalSection(ProjectConfigurationPlatforms) = postSolution
		{5945425A-4916-406E-81AC-C81A8420A45B}.Debug|Any CPU.ActiveCfg = Debug|Any CPU
		{5945425A-4916-406E-81AC-C81A8420A45B}.Debug|Any CPU.Build.0 = Debug|Any CPU
		{5945425A-4916-406E-81AC-C81A8420A45B}.Release|Any CPU.ActiveCfg = Release|Any CPU
		{5945425A-4916-406E-81AC-C81A8420A45B}.Release|Any CPU.Build.0 = Release|Any CPU
		{31009366-3EB6-4DAE-830F-E1F685F3F3AD}.Debug|Any CPU.ActiveCfg = Debug|Any CPU
		{31009366-3EB6-4DAE-830F-E1F685F3F3AD}.Debug|Any CPU.Build.0 = Debug|Any CPU
		{31009366-3EB6-4DAE-830F-E1F685F3F3AD}.Release|Any CPU.ActiveCfg = Release|Any CPU
		{31009366-3EB6-4DAE-830F-E1F685F3F3AD}.Release|Any CPU.Build.0 = Release|Any CPU
		{9ABD7C38-281D-45B6-A51F-0628D91CDB78}.Debug|Any CPU.ActiveCfg = Debug|Any CPU
		{9ABD7C38-281D-45B6-A51F-0628D91CDB78}.Debug|Any CPU.Build.0 = Debug|Any CPU
		{9ABD7C38-281D-45B6-A51F-0628D91CDB78}.Release|Any CPU.ActiveCfg = Release|Any CPU
		{9ABD7C38-281D-45B6-A51F-0628D91CDB78}.Release|Any CPU.Build.0 = Release|Any CPU
		{D5247735-CD37-4CAC-88CE-5CB644088B1E}.Debug|Any CPU.ActiveCfg = Debug|Any CPU
		{D5247735-CD37-4CAC-88CE-5CB644088B1E}.Debug|Any CPU.Build.0 = Debug|Any CPU
		{D5247735-CD37-4CAC-88CE-5CB644088B1E}.Release|Any CPU.ActiveCfg = Release|Any CPU
		{D5247735-CD37-4CAC-88CE-5CB644088B1E}.Release|Any CPU.Build.0 = Release|Any CPU
		{DAAFABB1-025C-4CFF-8547-33FC3BDEA802}.Debug|Any CPU.ActiveCfg = Debug|Any CPU
		{DAAFABB1-025C-4CFF-8547-33FC3BDEA802}.Debug|Any CPU.Build.0 = Debug|Any CPU
		{DAAFABB1-025C-4CFF-8547-33FC3BDEA802}.Release|Any CPU.ActiveCfg = Release|Any CPU
		{DAAFABB1-025C-4CFF-8547-33FC3BDEA802}.Release|Any CPU.Build.0 = Release|Any CPU
		{DC855AA6-4A12-44AC-B81C-29010B8FE7E5}.Debug|Any CPU.ActiveCfg = Debug|Any CPU
		{DC855AA6-4A12-44AC-B81C-29010B8FE7E5}.Debug|Any CPU.Build.0 = Debug|Any CPU
		{DC855AA6-4A12-44AC-B81C-29010B8FE7E5}.Release|Any CPU.ActiveCfg = Release|Any CPU
		{DC855AA6-4A12-44AC-B81C-29010B8FE7E5}.Release|Any CPU.Build.0 = Release|Any CPU
	EndGlobalSection
	GlobalSection(SolutionProperties) = preSolution
		HideSolutionNode = FALSE
	EndGlobalSection
	GlobalSection(ExtensibilityGlobals) = postSolution
		SolutionGuid = {1A3C9872-3B46-400B-9B2C-62F2CEBBCEBC}
	EndGlobalSection
EndGlobal
